
Microsoft Visual Studio Solution File, Format Version 12.00
# Visual Studio Version 16
VisualStudioVersion = 16.0.32630.194
MinimumVisualStudioVersion = 10.0.40219.1
Project("{FAE04EC0-301F-11D3-BF4B-00C04F79EFBC}") = "Assingment", "Assingment\Assingment.csproj", "{40C0B297-EC3A-4798-9E26-8C9650B75BDD}"
EndProject
Global
	GlobalSection(SolutionConfigurationPlatforms) = preSolution
		Debug|Any CPU = Debug|Any CPU
		Release|Any CPU = Release|Any CPU
	EndGlobalSection
	GlobalSection(ProjectConfigurationPlatforms) = postSolution
		{40C0B297-EC3A-4798-9E26-8C9650B75BDD}.Debug|Any CPU.ActiveCfg = Debug|Any CPU
		{40C0B297-EC3A-4798-9E26-8C9650B75BDD}.Debug|Any CPU.Build.0 = Debug|Any CPU
		{40C0B297-EC3A-4798-9E26-8C9650B75BDD}.Release|Any CPU.ActiveCfg = Release|Any CPU
		{40C0B297-EC3A-4798-9E26-8C9650B75BDD}.Release|Any CPU.Build.0 = Release|Any CPU
	EndGlobalSection
	GlobalSection(SolutionProperties) = preSolution
		HideSolutionNode = FALSE
	EndGlobalSection
	GlobalSection(ExtensibilityGlobals) = postSolution
		SolutionGuid = {E4857C19-E77C-45E0-AAD2-6AB9181510E3}
	EndGlobalSection
EndGlobal
